// !$*UTF8*$!
{
	archiveVersion = 1;
	classes = {
	};
	objectVersion = 56;
	objects = {

/* Begin PBXBuildFile section */
		A30754382BA1B8C200A4ADA4 /* CopyrightService.swift in Sources */ = {isa = PBXBuildFile; fileRef = A30754372BA1B8C200A4ADA4 /* CopyrightService.swift */; };
		A307543C2BA1B98600A4ADA4 /* Constants.swift in Sources */ = {isa = PBXBuildFile; fileRef = A307543B2BA1B98600A4ADA4 /* Constants.swift */; };
		A30754402BA1BE1400A4ADA4 /* RoutesSearchService.swift in Sources */ = {isa = PBXBuildFile; fileRef = A307543F2BA1BE1400A4ADA4 /* RoutesSearchService.swift */; };
		A30754432BA1CD0100A4ADA4 /* ScheduleService.swift in Sources */ = {isa = PBXBuildFile; fileRef = A30754422BA1CD0100A4ADA4 /* ScheduleService.swift */; };
		A30754462BA1CEE900A4ADA4 /* ThreadService.swift in Sources */ = {isa = PBXBuildFile; fileRef = A30754452BA1CEE900A4ADA4 /* ThreadService.swift */; };
		A30754492BA1D15A00A4ADA4 /* NearestSettlementService.swift in Sources */ = {isa = PBXBuildFile; fileRef = A30754482BA1D15A00A4ADA4 /* NearestSettlementService.swift */; };
		A307544C2BA1D27A00A4ADA4 /* CarrierService.swift in Sources */ = {isa = PBXBuildFile; fileRef = A307544B2BA1D27A00A4ADA4 /* CarrierService.swift */; };
		A307544F2BA1D32F00A4ADA4 /* StationListService.swift in Sources */ = {isa = PBXBuildFile; fileRef = A307544E2BA1D32F00A4ADA4 /* StationListService.swift */; };
		A3DDAD552BA17E0900CFB2FD /* TravelScheduleApp.swift in Sources */ = {isa = PBXBuildFile; fileRef = A3DDAD542BA17E0900CFB2FD /* TravelScheduleApp.swift */; };
		A3DDAD572BA17E0900CFB2FD /* ContentView.swift in Sources */ = {isa = PBXBuildFile; fileRef = A3DDAD562BA17E0900CFB2FD /* ContentView.swift */; };
		A3DDAD592BA17E0B00CFB2FD /* Assets.xcassets in Resources */ = {isa = PBXBuildFile; fileRef = A3DDAD582BA17E0B00CFB2FD /* Assets.xcassets */; };
		A3DDAD5C2BA17E0B00CFB2FD /* Preview Assets.xcassets in Resources */ = {isa = PBXBuildFile; fileRef = A3DDAD5B2BA17E0B00CFB2FD /* Preview Assets.xcassets */; };
		A3DDAD692BA1818C00CFB2FD /* OpenAPIRuntime in Frameworks */ = {isa = PBXBuildFile; productRef = A3DDAD682BA1818C00CFB2FD /* OpenAPIRuntime */; };
		A3DDAD6C2BA181AC00CFB2FD /* OpenAPIURLSession in Frameworks */ = {isa = PBXBuildFile; productRef = A3DDAD6B2BA181AC00CFB2FD /* OpenAPIURLSession */; };
		A3DDAD712BA1825D00CFB2FD /* openapi.yaml in Resources */ = {isa = PBXBuildFile; fileRef = A3DDAD6F2BA1825D00CFB2FD /* openapi.yaml */; };
		A3DDAD722BA1825D00CFB2FD /* openapi-generator-config.yaml in Resources */ = {isa = PBXBuildFile; fileRef = A3DDAD702BA1825D00CFB2FD /* openapi-generator-config.yaml */; };
		A3DDAD752BA1834800CFB2FD /* NearestStationsService.swift in Sources */ = {isa = PBXBuildFile; fileRef = A3DDAD742BA1834800CFB2FD /* NearestStationsService.swift */; };
/* End PBXBuildFile section */

/* Begin PBXFileReference section */
		A30754372BA1B8C200A4ADA4 /* CopyrightService.swift */ = {isa = PBXFileReference; lastKnownFileType = sourcecode.swift; path = CopyrightService.swift; sourceTree = "<group>"; };
		A307543B2BA1B98600A4ADA4 /* Constants.swift */ = {isa = PBXFileReference; lastKnownFileType = sourcecode.swift; path = Constants.swift; sourceTree = "<group>"; };
		A307543F2BA1BE1400A4ADA4 /* RoutesSearchService.swift */ = {isa = PBXFileReference; lastKnownFileType = sourcecode.swift; path = RoutesSearchService.swift; sourceTree = "<group>"; };
		A30754422BA1CD0100A4ADA4 /* ScheduleService.swift */ = {isa = PBXFileReference; lastKnownFileType = sourcecode.swift; path = ScheduleService.swift; sourceTree = "<group>"; };
		A30754452BA1CEE900A4ADA4 /* ThreadService.swift */ = {isa = PBXFileReference; lastKnownFileType = sourcecode.swift; path = ThreadService.swift; sourceTree = "<group>"; };
		A30754482BA1D15A00A4ADA4 /* NearestSettlementService.swift */ = {isa = PBXFileReference; lastKnownFileType = sourcecode.swift; path = NearestSettlementService.swift; sourceTree = "<group>"; };
		A307544B2BA1D27A00A4ADA4 /* CarrierService.swift */ = {isa = PBXFileReference; lastKnownFileType = sourcecode.swift; path = CarrierService.swift; sourceTree = "<group>"; };
		A307544E2BA1D32F00A4ADA4 /* StationListService.swift */ = {isa = PBXFileReference; lastKnownFileType = sourcecode.swift; path = StationListService.swift; sourceTree = "<group>"; };
		A3DDAD512BA17E0900CFB2FD /* TravelScheduleApp.app */ = {isa = PBXFileReference; explicitFileType = wrapper.application; includeInIndex = 0; path = TravelScheduleApp.app; sourceTree = BUILT_PRODUCTS_DIR; };
		A3DDAD542BA17E0900CFB2FD /* TravelScheduleApp.swift */ = {isa = PBXFileReference; lastKnownFileType = sourcecode.swift; path = TravelScheduleApp.swift; sourceTree = "<group>"; };
		A3DDAD562BA17E0900CFB2FD /* ContentView.swift */ = {isa = PBXFileReference; lastKnownFileType = sourcecode.swift; path = ContentView.swift; sourceTree = "<group>"; };
		A3DDAD582BA17E0B00CFB2FD /* Assets.xcassets */ = {isa = PBXFileReference; lastKnownFileType = folder.assetcatalog; path = Assets.xcassets; sourceTree = "<group>"; };
		A3DDAD5B2BA17E0B00CFB2FD /* Preview Assets.xcassets */ = {isa = PBXFileReference; lastKnownFileType = folder.assetcatalog; path = "Preview Assets.xcassets"; sourceTree = "<group>"; };
		A3DDAD6F2BA1825D00CFB2FD /* openapi.yaml */ = {isa = PBXFileReference; fileEncoding = 4; lastKnownFileType = text.yaml; path = openapi.yaml; sourceTree = SOURCE_ROOT; };
		A3DDAD702BA1825D00CFB2FD /* openapi-generator-config.yaml */ = {isa = PBXFileReference; fileEncoding = 4; lastKnownFileType = text.yaml; path = "openapi-generator-config.yaml"; sourceTree = SOURCE_ROOT; };
		A3DDAD742BA1834800CFB2FD /* NearestStationsService.swift */ = {isa = PBXFileReference; lastKnownFileType = sourcecode.swift; path = NearestStationsService.swift; sourceTree = "<group>"; };
/* End PBXFileReference section */

/* Begin PBXFrameworksBuildPhase section */
		A3DDAD4E2BA17E0900CFB2FD /* Frameworks */ = {
			isa = PBXFrameworksBuildPhase;
			buildActionMask = 2147483647;
			files = (
				A3DDAD6C2BA181AC00CFB2FD /* OpenAPIURLSession in Frameworks */,
				A3DDAD692BA1818C00CFB2FD /* OpenAPIRuntime in Frameworks */,
			);
			runOnlyForDeploymentPostprocessing = 0;
		};
/* End PBXFrameworksBuildPhase section */

/* Begin PBXGroup section */
		A307543A2BA1B96500A4ADA4 /* Helpers */ = {
			isa = PBXGroup;
			children = (
				A307543B2BA1B98600A4ADA4 /* Constants.swift */,
			);
			path = Helpers;
			sourceTree = "<group>";
		};
		A3DDAD482BA17E0900CFB2FD = {
			isa = PBXGroup;
			children = (
				A3DDAD532BA17E0900CFB2FD /* TravelScheduleApp */,
				A3DDAD522BA17E0900CFB2FD /* Products */,
			);
			sourceTree = "<group>";
		};
		A3DDAD522BA17E0900CFB2FD /* Products */ = {
			isa = PBXGroup;
			children = (
				A3DDAD512BA17E0900CFB2FD /* TravelScheduleApp.app */,
			);
			name = Products;
			sourceTree = "<group>";
		};
		A3DDAD532BA17E0900CFB2FD /* TravelScheduleApp */ = {
			isa = PBXGroup;
			children = (
				A307543A2BA1B96500A4ADA4 /* Helpers */,
				A3DDAD732BA182C300CFB2FD /* OpenApiServices */,
				A3DDAD702BA1825D00CFB2FD /* openapi-generator-config.yaml */,
				A3DDAD6F2BA1825D00CFB2FD /* openapi.yaml */,
				A3DDAD542BA17E0900CFB2FD /* TravelScheduleApp.swift */,
				A3DDAD562BA17E0900CFB2FD /* ContentView.swift */,
				A3DDAD582BA17E0B00CFB2FD /* Assets.xcassets */,
				A3DDAD5A2BA17E0B00CFB2FD /* Preview Content */,
			);
			path = TravelScheduleApp;
			sourceTree = "<group>";
		};
		A3DDAD5A2BA17E0B00CFB2FD /* Preview Content */ = {
			isa = PBXGroup;
			children = (
				A3DDAD5B2BA17E0B00CFB2FD /* Preview Assets.xcassets */,
			);
			path = "Preview Content";
			sourceTree = "<group>";
		};
		A3DDAD732BA182C300CFB2FD /* OpenApiServices */ = {
			isa = PBXGroup;
			children = (
				A3DDAD742BA1834800CFB2FD /* NearestStationsService.swift */,
				A30754372BA1B8C200A4ADA4 /* CopyrightService.swift */,
				A307543F2BA1BE1400A4ADA4 /* RoutesSearchService.swift */,
				A30754422BA1CD0100A4ADA4 /* ScheduleService.swift */,
				A30754452BA1CEE900A4ADA4 /* ThreadService.swift */,
				A30754482BA1D15A00A4ADA4 /* NearestSettlementService.swift */,
				A307544B2BA1D27A00A4ADA4 /* CarrierService.swift */,
				A307544E2BA1D32F00A4ADA4 /* StationListService.swift */,
			);
			path = OpenApiServices;
			sourceTree = "<group>";
		};
/* End PBXGroup section */

/* Begin PBXNativeTarget section */
		A3DDAD502BA17E0900CFB2FD /* TravelScheduleApp */ = {
			isa = PBXNativeTarget;
			buildConfigurationList = A3DDAD5F2BA17E0B00CFB2FD /* Build configuration list for PBXNativeTarget "TravelScheduleApp" */;
			buildPhases = (
				A3DDAD4D2BA17E0900CFB2FD /* Sources */,
				A3DDAD4E2BA17E0900CFB2FD /* Frameworks */,
				A3DDAD4F2BA17E0900CFB2FD /* Resources */,
			);
			buildRules = (
			);
			dependencies = (
				A3DDAD6E2BA1820F00CFB2FD /* PBXTargetDependency */,
			);
			name = TravelScheduleApp;
			packageProductDependencies = (
				A3DDAD682BA1818C00CFB2FD /* OpenAPIRuntime */,
				A3DDAD6B2BA181AC00CFB2FD /* OpenAPIURLSession */,
			);
			productName = TravelScheduleApp;
			productReference = A3DDAD512BA17E0900CFB2FD /* TravelScheduleApp.app */;
			productType = "com.apple.product-type.application";
		};
/* End PBXNativeTarget section */

/* Begin PBXProject section */
		A3DDAD492BA17E0900CFB2FD /* Project object */ = {
			isa = PBXProject;
			attributes = {
				BuildIndependentTargetsInParallel = 1;
				LastSwiftUpdateCheck = 1520;
				LastUpgradeCheck = 1520;
				TargetAttributes = {
					A3DDAD502BA17E0900CFB2FD = {
						CreatedOnToolsVersion = 15.2;
					};
				};
			};
			buildConfigurationList = A3DDAD4C2BA17E0900CFB2FD /* Build configuration list for PBXProject "TravelScheduleApp" */;
			compatibilityVersion = "Xcode 14.0";
			developmentRegion = en;
			hasScannedForEncodings = 0;
			knownRegions = (
				en,
				Base,
			);
			mainGroup = A3DDAD482BA17E0900CFB2FD;
			packageReferences = (
				A3DDAD622BA1817600CFB2FD /* XCRemoteSwiftPackageReference "swift-openapi-generator" */,
				A3DDAD672BA1818C00CFB2FD /* XCRemoteSwiftPackageReference "swift-openapi-runtime" */,
				A3DDAD6A2BA181AC00CFB2FD /* XCRemoteSwiftPackageReference "swift-openapi-urlsession" */,
			);
			productRefGroup = A3DDAD522BA17E0900CFB2FD /* Products */;
			projectDirPath = "";
			projectRoot = "";
			targets = (
				A3DDAD502BA17E0900CFB2FD /* TravelScheduleApp */,
			);
		};
/* End PBXProject section */

/* Begin PBXResourcesBuildPhase section */
		A3DDAD4F2BA17E0900CFB2FD /* Resources */ = {
			isa = PBXResourcesBuildPhase;
			buildActionMask = 2147483647;
			files = (
				A3DDAD5C2BA17E0B00CFB2FD /* Preview Assets.xcassets in Resources */,
				A3DDAD722BA1825D00CFB2FD /* openapi-generator-config.yaml in Resources */,
				A3DDAD592BA17E0B00CFB2FD /* Assets.xcassets in Resources */,
				A3DDAD712BA1825D00CFB2FD /* openapi.yaml in Resources */,
			);
			runOnlyForDeploymentPostprocessing = 0;
		};
/* End PBXResourcesBuildPhase section */

/* Begin PBXSourcesBuildPhase section */
		A3DDAD4D2BA17E0900CFB2FD /* Sources */ = {
			isa = PBXSourcesBuildPhase;
			buildActionMask = 2147483647;
			files = (
				A307543C2BA1B98600A4ADA4 /* Constants.swift in Sources */,
				A30754492BA1D15A00A4ADA4 /* NearestSettlementService.swift in Sources */,
				A3DDAD572BA17E0900CFB2FD /* ContentView.swift in Sources */,
				A307544C2BA1D27A00A4ADA4 /* CarrierService.swift in Sources */,
				A3DDAD752BA1834800CFB2FD /* NearestStationsService.swift in Sources */,
				A307544F2BA1D32F00A4ADA4 /* StationListService.swift in Sources */,
				A30754402BA1BE1400A4ADA4 /* RoutesSearchService.swift in Sources */,
				A30754462BA1CEE900A4ADA4 /* ThreadService.swift in Sources */,
				A3DDAD552BA17E0900CFB2FD /* TravelScheduleApp.swift in Sources */,
				A30754432BA1CD0100A4ADA4 /* ScheduleService.swift in Sources */,
				A30754382BA1B8C200A4ADA4 /* CopyrightService.swift in Sources */,
			);
			runOnlyForDeploymentPostprocessing = 0;
		};
/* End PBXSourcesBuildPhase section */

/* Begin PBXTargetDependency section */
		A3DDAD6E2BA1820F00CFB2FD /* PBXTargetDependency */ = {
			isa = PBXTargetDependency;
			productRef = A3DDAD6D2BA1820F00CFB2FD /* OpenAPIGenerator */;
		};
/* End PBXTargetDependency section */

/* Begin XCBuildConfiguration section */
		A3DDAD5D2BA17E0B00CFB2FD /* Debug */ = {
			isa = XCBuildConfiguration;
			buildSettings = {
				ALWAYS_SEARCH_USER_PATHS = NO;
				ASSETCATALOG_COMPILER_GENERATE_SWIFT_ASSET_SYMBOL_EXTENSIONS = YES;
				CLANG_ANALYZER_NONNULL = YES;
				CLANG_ANALYZER_NUMBER_OBJECT_CONVERSION = YES_AGGRESSIVE;
				CLANG_CXX_LANGUAGE_STANDARD = "gnu++20";
				CLANG_ENABLE_MODULES = YES;
				CLANG_ENABLE_OBJC_ARC = YES;
				CLANG_ENABLE_OBJC_WEAK = YES;
				CLANG_WARN_BLOCK_CAPTURE_AUTORELEASING = YES;
				CLANG_WARN_BOOL_CONVERSION = YES;
				CLANG_WARN_COMMA = YES;
				CLANG_WARN_CONSTANT_CONVERSION = YES;
				CLANG_WARN_DEPRECATED_OBJC_IMPLEMENTATIONS = YES;
				CLANG_WARN_DIRECT_OBJC_ISA_USAGE = YES_ERROR;
				CLANG_WARN_DOCUMENTATION_COMMENTS = YES;
				CLANG_WARN_EMPTY_BODY = YES;
				CLANG_WARN_ENUM_CONVERSION = YES;
				CLANG_WARN_INFINITE_RECURSION = YES;
				CLANG_WARN_INT_CONVERSION = YES;
				CLANG_WARN_NON_LITERAL_NULL_CONVERSION = YES;
				CLANG_WARN_OBJC_IMPLICIT_RETAIN_SELF = YES;
				CLANG_WARN_OBJC_LITERAL_CONVERSION = YES;
				CLANG_WARN_OBJC_ROOT_CLASS = YES_ERROR;
				CLANG_WARN_QUOTED_INCLUDE_IN_FRAMEWORK_HEADER = YES;
				CLANG_WARN_RANGE_LOOP_ANALYSIS = YES;
				CLANG_WARN_STRICT_PROTOTYPES = YES;
				CLANG_WARN_SUSPICIOUS_MOVE = YES;
				CLANG_WARN_UNGUARDED_AVAILABILITY = YES_AGGRESSIVE;
				CLANG_WARN_UNREACHABLE_CODE = YES;
				CLANG_WARN__DUPLICATE_METHOD_MATCH = YES;
				COPY_PHASE_STRIP = NO;
				DEBUG_INFORMATION_FORMAT = dwarf;
				ENABLE_STRICT_OBJC_MSGSEND = YES;
				ENABLE_TESTABILITY = YES;
				ENABLE_USER_SCRIPT_SANDBOXING = YES;
				GCC_C_LANGUAGE_STANDARD = gnu17;
				GCC_DYNAMIC_NO_PIC = NO;
				GCC_NO_COMMON_BLOCKS = YES;
				GCC_OPTIMIZATION_LEVEL = 0;
				GCC_PREPROCESSOR_DEFINITIONS = (
					"DEBUG=1",
					"$(inherited)",
				);
				GCC_WARN_64_TO_32_BIT_CONVERSION = YES;
				GCC_WARN_ABOUT_RETURN_TYPE = YES_ERROR;
				GCC_WARN_UNDECLARED_SELECTOR = YES;
				GCC_WARN_UNINITIALIZED_AUTOS = YES_AGGRESSIVE;
				GCC_WARN_UNUSED_FUNCTION = YES;
				GCC_WARN_UNUSED_VARIABLE = YES;
				IPHONEOS_DEPLOYMENT_TARGET = 17.2;
				LOCALIZATION_PREFERS_STRING_CATALOGS = YES;
				MTL_ENABLE_DEBUG_INFO = INCLUDE_SOURCE;
				MTL_FAST_MATH = YES;
				ONLY_ACTIVE_ARCH = YES;
				SDKROOT = iphoneos;
				SWIFT_ACTIVE_COMPILATION_CONDITIONS = "DEBUG $(inherited)";
				SWIFT_OPTIMIZATION_LEVEL = "-Onone";
			};
			name = Debug;
		};
		A3DDAD5E2BA17E0B00CFB2FD /* Release */ = {
			isa = XCBuildConfiguration;
			buildSettings = {
				ALWAYS_SEARCH_USER_PATHS = NO;
				ASSETCATALOG_COMPILER_GENERATE_SWIFT_ASSET_SYMBOL_EXTENSIONS = YES;
				CLANG_ANALYZER_NONNULL = YES;
				CLANG_ANALYZER_NUMBER_OBJECT_CONVERSION = YES_AGGRESSIVE;
				CLANG_CXX_LANGUAGE_STANDARD = "gnu++20";
				CLANG_ENABLE_MODULES = YES;
				CLANG_ENABLE_OBJC_ARC = YES;
				CLANG_ENABLE_OBJC_WEAK = YES;
				CLANG_WARN_BLOCK_CAPTURE_AUTORELEASING = YES;
				CLANG_WARN_BOOL_CONVERSION = YES;
				CLANG_WARN_COMMA = YES;
				CLANG_WARN_CONSTANT_CONVERSION = YES;
				CLANG_WARN_DEPRECATED_OBJC_IMPLEMENTATIONS = YES;
				CLANG_WARN_DIRECT_OBJC_ISA_USAGE = YES_ERROR;
				CLANG_WARN_DOCUMENTATION_COMMENTS = YES;
				CLANG_WARN_EMPTY_BODY = YES;
				CLANG_WARN_ENUM_CONVERSION = YES;
				CLANG_WARN_INFINITE_RECURSION = YES;
				CLANG_WARN_INT_CONVERSION = YES;
				CLANG_WARN_NON_LITERAL_NULL_CONVERSION = YES;
				CLANG_WARN_OBJC_IMPLICIT_RETAIN_SELF = YES;
				CLANG_WARN_OBJC_LITERAL_CONVERSION = YES;
				CLANG_WARN_OBJC_ROOT_CLASS = YES_ERROR;
				CLANG_WARN_QUOTED_INCLUDE_IN_FRAMEWORK_HEADER = YES;
				CLANG_WARN_RANGE_LOOP_ANALYSIS = YES;
				CLANG_WARN_STRICT_PROTOTYPES = YES;
				CLANG_WARN_SUSPICIOUS_MOVE = YES;
				CLANG_WARN_UNGUARDED_AVAILABILITY = YES_AGGRESSIVE;
				CLANG_WARN_UNREACHABLE_CODE = YES;
				CLANG_WARN__DUPLICATE_METHOD_MATCH = YES;
				COPY_PHASE_STRIP = NO;
				DEBUG_INFORMATION_FORMAT = "dwarf-with-dsym";
				ENABLE_NS_ASSERTIONS = NO;
				ENABLE_STRICT_OBJC_MSGSEND = YES;
				ENABLE_USER_SCRIPT_SANDBOXING = YES;
				GCC_C_LANGUAGE_STANDARD = gnu17;
				GCC_NO_COMMON_BLOCKS = YES;
				GCC_WARN_64_TO_32_BIT_CONVERSION = YES;
				GCC_WARN_ABOUT_RETURN_TYPE = YES_ERROR;
				GCC_WARN_UNDECLARED_SELECTOR = YES;
				GCC_WARN_UNINITIALIZED_AUTOS = YES_AGGRESSIVE;
				GCC_WARN_UNUSED_FUNCTION = YES;
				GCC_WARN_UNUSED_VARIABLE = YES;
				IPHONEOS_DEPLOYMENT_TARGET = 17.2;
				LOCALIZATION_PREFERS_STRING_CATALOGS = YES;
				MTL_ENABLE_DEBUG_INFO = NO;
				MTL_FAST_MATH = YES;
				SDKROOT = iphoneos;
				SWIFT_COMPILATION_MODE = wholemodule;
				VALIDATE_PRODUCT = YES;
			};
			name = Release;
		};
		A3DDAD602BA17E0B00CFB2FD /* Debug */ = {
			isa = XCBuildConfiguration;
			buildSettings = {
				ASSETCATALOG_COMPILER_APPICON_NAME = AppIcon;
				ASSETCATALOG_COMPILER_GLOBAL_ACCENT_COLOR_NAME = AccentColor;
				CODE_SIGN_STYLE = Automatic;
				CURRENT_PROJECT_VERSION = 1;
				DEVELOPMENT_ASSET_PATHS = "\"TravelScheduleApp/Preview Content\"";
				DEVELOPMENT_TEAM = 3ZR632FLTZ;
				ENABLE_PREVIEWS = YES;
				GENERATE_INFOPLIST_FILE = YES;
				INFOPLIST_KEY_UIApplicationSceneManifest_Generation = YES;
				INFOPLIST_KEY_UIApplicationSupportsIndirectInputEvents = YES;
				INFOPLIST_KEY_UILaunchScreen_Generation = YES;
				INFOPLIST_KEY_UISupportedInterfaceOrientations_iPad = "UIInterfaceOrientationPortrait UIInterfaceOrientationPortraitUpsideDown UIInterfaceOrientationLandscapeLeft UIInterfaceOrientationLandscapeRight";
				INFOPLIST_KEY_UISupportedInterfaceOrientations_iPhone = "UIInterfaceOrientationPortrait UIInterfaceOrientationLandscapeLeft UIInterfaceOrientationLandscapeRight";
				IPHONEOS_DEPLOYMENT_TARGET = 15.0;
				LD_RUNPATH_SEARCH_PATHS = (
					"$(inherited)",
					"@executable_path/Frameworks",
				);
				MARKETING_VERSION = 1.0;
				PRODUCT_BUNDLE_IDENTIFIER = com.ferradesign.TravelScheduleApp;
				PRODUCT_NAME = "$(TARGET_NAME)";
				SUPPORTED_PLATFORMS = "iphoneos iphonesimulator";
				SUPPORTS_MACCATALYST = NO;
				SUPPORTS_MAC_DESIGNED_FOR_IPHONE_IPAD = NO;
				SUPPORTS_XR_DESIGNED_FOR_IPHONE_IPAD = NO;
				SWIFT_EMIT_LOC_STRINGS = YES;
				SWIFT_VERSION = 5.0;
				TARGETED_DEVICE_FAMILY = "1,2";
			};
			name = Debug;
		};
		A3DDAD612BA17E0B00CFB2FD /* Release */ = {
			isa = XCBuildConfiguration;
			buildSettings = {
				ASSETCATALOG_COMPILER_APPICON_NAME = AppIcon;
				ASSETCATALOG_COMPILER_GLOBAL_ACCENT_COLOR_NAME = AccentColor;
				CODE_SIGN_STYLE = Automatic;
				CURRENT_PROJECT_VERSION = 1;
				DEVELOPMENT_ASSET_PATHS = "\"TravelScheduleApp/Preview Content\"";
				DEVELOPMENT_TEAM = 3ZR632FLTZ;
				ENABLE_PREVIEWS = YES;
				GENERATE_INFOPLIST_FILE = YES;
				INFOPLIST_KEY_UIApplicationSceneManifest_Generation = YES;
				INFOPLIST_KEY_UIApplicationSupportsIndirectInputEvents = YES;
				INFOPLIST_KEY_UILaunchScreen_Generation = YES;
				INFOPLIST_KEY_UISupportedInterfaceOrientations_iPad = "UIInterfaceOrientationPortrait UIInterfaceOrientationPortraitUpsideDown UIInterfaceOrientationLandscapeLeft UIInterfaceOrientationLandscapeRight";
				INFOPLIST_KEY_UISupportedInterfaceOrientations_iPhone = "UIInterfaceOrientationPortrait UIInterfaceOrientationLandscapeLeft UIInterfaceOrientationLandscapeRight";
				IPHONEOS_DEPLOYMENT_TARGET = 15.0;
				LD_RUNPATH_SEARCH_PATHS = (
					"$(inherited)",
					"@executable_path/Frameworks",
				);
				MARKETING_VERSION = 1.0;
				PRODUCT_BUNDLE_IDENTIFIER = com.ferradesign.TravelScheduleApp;
				PRODUCT_NAME = "$(TARGET_NAME)";
				SUPPORTED_PLATFORMS = "iphoneos iphonesimulator";
				SUPPORTS_MACCATALYST = NO;
				SUPPORTS_MAC_DESIGNED_FOR_IPHONE_IPAD = NO;
				SUPPORTS_XR_DESIGNED_FOR_IPHONE_IPAD = NO;
				SWIFT_EMIT_LOC_STRINGS = YES;
				SWIFT_VERSION = 5.0;
				TARGETED_DEVICE_FAMILY = "1,2";
			};
			name = Release;
		};
/* End XCBuildConfiguration section */

/* Begin XCConfigurationList section */
		A3DDAD4C2BA17E0900CFB2FD /* Build configuration list for PBXProject "TravelScheduleApp" */ = {
			isa = XCConfigurationList;
			buildConfigurations = (
				A3DDAD5D2BA17E0B00CFB2FD /* Debug */,
				A3DDAD5E2BA17E0B00CFB2FD /* Release */,
			);
			defaultConfigurationIsVisible = 0;
			defaultConfigurationName = Release;
		};
		A3DDAD5F2BA17E0B00CFB2FD /* Build configuration list for PBXNativeTarget "TravelScheduleApp" */ = {
			isa = XCConfigurationList;
			buildConfigurations = (
				A3DDAD602BA17E0B00CFB2FD /* Debug */,
				A3DDAD612BA17E0B00CFB2FD /* Release */,
			);
			defaultConfigurationIsVisible = 0;
			defaultConfigurationName = Release;
		};
/* End XCConfigurationList section */

/* Begin XCRemoteSwiftPackageReference section */
		A3DDAD622BA1817600CFB2FD /* XCRemoteSwiftPackageReference "swift-openapi-generator" */ = {
			isa = XCRemoteSwiftPackageReference;
			repositoryURL = "https://github.com/apple/swift-openapi-generator";
			requirement = {
				kind = upToNextMajorVersion;
				minimumVersion = 1.2.1;
			};
		};
		A3DDAD672BA1818C00CFB2FD /* XCRemoteSwiftPackageReference "swift-openapi-runtime" */ = {
			isa = XCRemoteSwiftPackageReference;
			repositoryURL = "https://github.com/apple/swift-openapi-runtime";
			requirement = {
				kind = upToNextMajorVersion;
				minimumVersion = 1.3.2;
			};
		};
		A3DDAD6A2BA181AC00CFB2FD /* XCRemoteSwiftPackageReference "swift-openapi-urlsession" */ = {
			isa = XCRemoteSwiftPackageReference;
			repositoryURL = "https://github.com/apple/swift-openapi-urlsession";
			requirement = {
				kind = upToNextMajorVersion;
				minimumVersion = 1.0.1;
			};
		};
/* End XCRemoteSwiftPackageReference section */

/* Begin XCSwiftPackageProductDependency section */
		A3DDAD682BA1818C00CFB2FD /* OpenAPIRuntime */ = {
			isa = XCSwiftPackageProductDependency;
			package = A3DDAD672BA1818C00CFB2FD /* XCRemoteSwiftPackageReference "swift-openapi-runtime" */;
			productName = OpenAPIRuntime;
		};
		A3DDAD6B2BA181AC00CFB2FD /* OpenAPIURLSession */ = {
			isa = XCSwiftPackageProductDependency;
			package = A3DDAD6A2BA181AC00CFB2FD /* XCRemoteSwiftPackageReference "swift-openapi-urlsession" */;
			productName = OpenAPIURLSession;
		};
		A3DDAD6D2BA1820F00CFB2FD /* OpenAPIGenerator */ = {
			isa = XCSwiftPackageProductDependency;
			package = A3DDAD622BA1817600CFB2FD /* XCRemoteSwiftPackageReference "swift-openapi-generator" */;
			productName = "plugin:OpenAPIGenerator";
		};
/* End XCSwiftPackageProductDependency section */
	};
	rootObject = A3DDAD492BA17E0900CFB2FD /* Project object */;
}
